Microsoft Visual Studio Solution File, Format Version 11.00
# Visual Studio 2010
Project("{FAE04EC0-301F-11D3-BF4B-00C04F79EFBC}") = "CustomizeSeriesPointLabelsAppearance", "CustomizeSeriesPointLabelsAppearance\CustomizeSeriesPointLabelsAppearance.csproj", "{B2A034B0-616E-429B-ACFF-89C4FFE33BF9}"
EndProject
Project("{FAE04EC0-301F-11D3-BF4B-00C04F79EFBC}") = "CustomizeSeriesPointLabelsAppearance.Web", "CustomizeSeriesPointLabelsAppearance.Web\CustomizeSeriesPointLabelsAppearance.Web.csproj", "{DAADFA68-8465-40B4-A1B2-EA5CD30A3EB9}"
EndProject
Global
	GlobalSection(SolutionConfigurationPlatforms) = preSolution
		Debug|Any CPU = Debug|Any CPU
		Release|Any CPU = Release|Any CPU
	EndGlobalSection
	GlobalSection(ProjectConfigurationPlatforms) = postSolution
		{B2A034B0-616E-429B-ACFF-89C4FFE33BF9}.Debug|Any CPU.ActiveCfg = Debug|Any CPU
		{B2A034B0-616E-429B-ACFF-89C4FFE33BF9}.Debug|Any CPU.Build.0 = Debug|Any CPU
		{B2A034B0-616E-429B-ACFF-89C4FFE33BF9}.Release|Any CPU.ActiveCfg = Release|Any CPU
		{B2A034B0-616E-429B-ACFF-89C4FFE33BF9}.Release|Any CPU.Build.0 = Release|Any CPU
		{DAADFA68-8465-40B4-A1B2-EA5CD30A3EB9}.Debug|Any CPU.ActiveCfg = Debug|Any CPU
		{DAADFA68-8465-40B4-A1B2-EA5CD30A3EB9}.Debug|Any CPU.Build.0 = Debug|Any CPU
		{DAADFA68-8465-40B4-A1B2-EA5CD30A3EB9}.Release|Any CPU.ActiveCfg = Release|Any CPU
		{DAADFA68-8465-40B4-A1B2-EA5CD30A3EB9}.Release|Any CPU.Build.0 = Release|Any CPU
	EndGlobalSection
	GlobalSection(SolutionProperties) = preSolution
		HideSolutionNode = FALSE
	EndGlobalSection
EndGlobal
